
Microsoft Visual Studio Solution File, Format Version 12.00
# Visual Studio 14
VisualStudioVersion = 14.0.25420.1
MinimumVisualStudioVersion = 10.0.40219.1
Project("{FAE04EC0-301F-11D3-BF4B-00C04F79EFBC}") = "UI", "UI\UI.csproj", "{0411574B-B2A2-4BB6-9209-C62F1449C535}"
EndProject
Project("{FAE04EC0-301F-11D3-BF4B-00C04F79EFBC}") = "Services", "Services\Services.csproj", "{1AA08EB4-5AAD-454C-8CE5-49F43C6D4108}"
EndProject
Project("{FAE04EC0-301F-11D3-BF4B-00C04F79EFBC}") = "ServicesTest", "ServicesTest\ServicesTest.csproj", "{B6B8B5A7-AFEC-49C5-9CD9-DDF385CD6FA7}"
EndProject
Project("{2150E333-8FDC-42A3-9474-1A3956D46DE8}") = "Solution Items", "Solution Items", "{3A36BD87-6BE2-4917-977D-B83F9FBA2CC0}"
	ProjectSection(SolutionItems) = preProject
		Thoughts.txt = Thoughts.txt
	EndProjectSection
EndProject
Global
	GlobalSection(SolutionConfigurationPlatforms) = preSolution
		Debug|Any CPU = Debug|Any CPU
		Release|Any CPU = Release|Any CPU
	EndGlobalSection
	GlobalSection(ProjectConfigurationPlatforms) = postSolution
		{0411574B-B2A2-4BB6-9209-C62F1449C535}.Debug|Any CPU.ActiveCfg = Debug|Any CPU
		{0411574B-B2A2-4BB6-9209-C62F1449C535}.Debug|Any CPU.Build.0 = Debug|Any CPU
		{0411574B-B2A2-4BB6-9209-C62F1449C535}.Release|Any CPU.ActiveCfg = Release|Any CPU
		{0411574B-B2A2-4BB6-9209-C62F1449C535}.Release|Any CPU.Build.0 = Release|Any CPU
		{1AA08EB4-5AAD-454C-8CE5-49F43C6D4108}.Debug|Any CPU.ActiveCfg = Debug|Any CPU
		{1AA08EB4-5AAD-454C-8CE5-49F43C6D4108}.Debug|Any CPU.Build.0 = Debug|Any CPU
		{1AA08EB4-5AAD-454C-8CE5-49F43C6D4108}.Release|Any CPU.ActiveCfg = Release|Any CPU
		{1AA08EB4-5AAD-454C-8CE5-49F43C6D4108}.Release|Any CPU.Build.0 = Release|Any CPU
		{B6B8B5A7-AFEC-49C5-9CD9-DDF385CD6FA7}.Debug|Any CPU.ActiveCfg = Debug|Any CPU
		{B6B8B5A7-AFEC-49C5-9CD9-DDF385CD6FA7}.Debug|Any CPU.Build.0 = Debug|Any CPU
		{B6B8B5A7-AFEC-49C5-9CD9-DDF385CD6FA7}.Release|Any CPU.ActiveCfg = Release|Any CPU
		{B6B8B5A7-AFEC-49C5-9CD9-DDF385CD6FA7}.Release|Any CPU.Build.0 = Release|Any CPU
	EndGlobalSection
	GlobalSection(SolutionProperties) = preSolution
		HideSolutionNode = FALSE
	EndGlobalSection
EndGlobal
